
Microsoft Visual Studio Solution File, Format Version 12.00
# Visual Studio Version 17
VisualStudioVersion = 17.4.33110.190
MinimumVisualStudioVersion = 10.0.40219.1
Project("{FAE04EC0-301F-11D3-BF4B-00C04F79EFBC}") = "Task_1_ReverseArray", "Task_1\Task_1_ReverseArray.csproj", "{EDDF4387-701C-499C-8D8D-E68C6125D139}"
EndProject
Global
	GlobalSection(SolutionConfigurationPlatforms) = preSolution
		Debug|Any CPU = Debug|Any CPU
		Release|Any CPU = Release|Any CPU
	EndGlobalSection
	GlobalSection(ProjectConfigurationPlatforms) = postSolution
		{EDDF4387-701C-499C-8D8D-E68C6125D139}.Debug|Any CPU.ActiveCfg = Debug|Any CPU
		{EDDF4387-701C-499C-8D8D-E68C6125D139}.Debug|Any CPU.Build.0 = Debug|Any CPU
		{EDDF4387-701C-499C-8D8D-E68C6125D139}.Release|Any CPU.ActiveCfg = Release|Any CPU
		{EDDF4387-701C-499C-8D8D-E68C6125D139}.Release|Any CPU.Build.0 = Release|Any CPU
	EndGlobalSection
	GlobalSection(SolutionProperties) = preSolution
		HideSolutionNode = FALSE
	EndGlobalSection
	GlobalSection(ExtensibilityGlobals) = postSolution
		SolutionGuid = {647570C6-91F5-4F1D-895C-EE39245C718E}
	EndGlobalSection
EndGlobal
